
Microsoft Visual Studio Solution File, Format Version 12.00
# Visual Studio Version 17
VisualStudioVersion = 17.0.31903.59
MinimumVisualStudioVersion = 10.0.40219.1
Project("{2150E333-8FDC-42A3-9474-1A3956D46DE8}") = "BuildingBlock", "BuildingBlock", "{7E4D1DC2-44B7-4591-BFE0-C25E55799A8C}"
EndProject
Project("{2150E333-8FDC-42A3-9474-1A3956D46DE8}") = "Services", "Services", "{A3C084B1-AC2B-4EB5-AFBB-34380C88E972}"
EndProject
Project("{9A19103F-16F7-4668-BE54-9A1E7A4F7556}") = "CarrinhoCompra", "CarrinhoCompra\CarrinhoCompra.csproj", "{00817DFB-E0D0-40CD-BF93-71CCD73AD07E}"
	ProjectSection(ProjectDependencies) = postProject
		{58A8A9DC-8ACA-4990-BA9D-73CA824D4F73} = {58A8A9DC-8ACA-4990-BA9D-73CA824D4F73}
	EndProjectSection
EndProject
Project("{9A19103F-16F7-4668-BE54-9A1E7A4F7556}") = "Usuario", "Usuario\Usuario.csproj", "{58A8A9DC-8ACA-4990-BA9D-73CA824D4F73}"
EndProject
Project("{9A19103F-16F7-4668-BE54-9A1E7A4F7556}") = "WebHost.Customization", "WebHost.Customization\WebHost.Customization.csproj", "{D1D0F6EE-756C-432C-A490-F8E83B076B73}"
EndProject
Global
	GlobalSection(SolutionConfigurationPlatforms) = preSolution
		Debug|Any CPU = Debug|Any CPU
		Release|Any CPU = Release|Any CPU
	EndGlobalSection
	GlobalSection(ProjectConfigurationPlatforms) = postSolution
		{00817DFB-E0D0-40CD-BF93-71CCD73AD07E}.Debug|Any CPU.ActiveCfg = Debug|Any CPU
		{00817DFB-E0D0-40CD-BF93-71CCD73AD07E}.Debug|Any CPU.Build.0 = Debug|Any CPU
		{00817DFB-E0D0-40CD-BF93-71CCD73AD07E}.Release|Any CPU.ActiveCfg = Release|Any CPU
		{00817DFB-E0D0-40CD-BF93-71CCD73AD07E}.Release|Any CPU.Build.0 = Release|Any CPU
		{58A8A9DC-8ACA-4990-BA9D-73CA824D4F73}.Debug|Any CPU.ActiveCfg = Debug|Any CPU
		{58A8A9DC-8ACA-4990-BA9D-73CA824D4F73}.Debug|Any CPU.Build.0 = Debug|Any CPU
		{58A8A9DC-8ACA-4990-BA9D-73CA824D4F73}.Release|Any CPU.ActiveCfg = Release|Any CPU
		{58A8A9DC-8ACA-4990-BA9D-73CA824D4F73}.Release|Any CPU.Build.0 = Release|Any CPU
		{D1D0F6EE-756C-432C-A490-F8E83B076B73}.Debug|Any CPU.ActiveCfg = Debug|Any CPU
		{D1D0F6EE-756C-432C-A490-F8E83B076B73}.Debug|Any CPU.Build.0 = Debug|Any CPU
		{D1D0F6EE-756C-432C-A490-F8E83B076B73}.Release|Any CPU.ActiveCfg = Release|Any CPU
		{D1D0F6EE-756C-432C-A490-F8E83B076B73}.Release|Any CPU.Build.0 = Release|Any CPU
	EndGlobalSection
	GlobalSection(SolutionProperties) = preSolution
		HideSolutionNode = FALSE
	EndGlobalSection
	GlobalSection(NestedProjects) = preSolution
		{00817DFB-E0D0-40CD-BF93-71CCD73AD07E} = {A3C084B1-AC2B-4EB5-AFBB-34380C88E972}
		{58A8A9DC-8ACA-4990-BA9D-73CA824D4F73} = {A3C084B1-AC2B-4EB5-AFBB-34380C88E972}
		{D1D0F6EE-756C-432C-A490-F8E83B076B73} = {7E4D1DC2-44B7-4591-BFE0-C25E55799A8C}
	EndGlobalSection
EndGlobal
